
Microsoft Visual Studio Solution File, Format Version 12.00
Project("{FAE04EC0-301F-11D3-BF4B-00C04F79EFBC}") = "LeadManagementService.Api", "LeadManagementService.Api\LeadManagementService.Api.csproj", "{49CD03D5-F040-42B2-A0E9-41584EF6BF2C}"
EndProject
Project("{FAE04EC0-301F-11D3-BF4B-00C04F79EFBC}") = "LeadManagementService.Tests", "LeadManagementService.Tests\LeadManagementService.Tests.csproj", "{8EB1B761-9080-4724-838E-84A0B6E63EBE}"
EndProject
Project("{FAE04EC0-301F-11D3-BF4B-00C04F79EFBC}") = "LeadManagementService.Data", "LeadManagementService.Data\LeadManagementService.Data.csproj", "{7B0CEF13-085D-449A-9C5B-0462C49EAC68}"
EndProject
Project("{FAE04EC0-301F-11D3-BF4B-00C04F79EFBC}") = "LeadManagementService.Domain", "LeadManagementService.Domain\LeadManagementService.Domain.csproj", "{24D89AE1-A38E-4693-8CAC-EC71C53D720C}"
EndProject
Project("{FAE04EC0-301F-11D3-BF4B-00C04F79EFBC}") = "LeadManagementService.QueryResponses", "LeadManagementService.QueryResponses\LeadManagementService.QueryResponses.csproj", "{AC6AE696-2565-4B75-86F2-87A2D8B01A6B}"
EndProject
Project("{FAE04EC0-301F-11D3-BF4B-00C04F79EFBC}") = "LeadManagementService.Interfaces", "LeadManagementService.Interfaces\LeadManagementService.Interfaces.csproj", "{DE4F019F-E311-4A45-B74E-1C148B4F03FA}"
EndProject
Global
	GlobalSection(SolutionConfigurationPlatforms) = preSolution
		Debug|Any CPU = Debug|Any CPU
		Release|Any CPU = Release|Any CPU
	EndGlobalSection
	GlobalSection(ProjectConfigurationPlatforms) = postSolution
		{49CD03D5-F040-42B2-A0E9-41584EF6BF2C}.Debug|Any CPU.ActiveCfg = Debug|Any CPU
		{49CD03D5-F040-42B2-A0E9-41584EF6BF2C}.Debug|Any CPU.Build.0 = Debug|Any CPU
		{49CD03D5-F040-42B2-A0E9-41584EF6BF2C}.Release|Any CPU.ActiveCfg = Release|Any CPU
		{49CD03D5-F040-42B2-A0E9-41584EF6BF2C}.Release|Any CPU.Build.0 = Release|Any CPU
		{8EB1B761-9080-4724-838E-84A0B6E63EBE}.Debug|Any CPU.ActiveCfg = Debug|Any CPU
		{8EB1B761-9080-4724-838E-84A0B6E63EBE}.Debug|Any CPU.Build.0 = Debug|Any CPU
		{8EB1B761-9080-4724-838E-84A0B6E63EBE}.Release|Any CPU.ActiveCfg = Release|Any CPU
		{8EB1B761-9080-4724-838E-84A0B6E63EBE}.Release|Any CPU.Build.0 = Release|Any CPU
		{7B0CEF13-085D-449A-9C5B-0462C49EAC68}.Debug|Any CPU.ActiveCfg = Debug|Any CPU
		{7B0CEF13-085D-449A-9C5B-0462C49EAC68}.Debug|Any CPU.Build.0 = Debug|Any CPU
		{7B0CEF13-085D-449A-9C5B-0462C49EAC68}.Release|Any CPU.ActiveCfg = Release|Any CPU
		{7B0CEF13-085D-449A-9C5B-0462C49EAC68}.Release|Any CPU.Build.0 = Release|Any CPU
		{24D89AE1-A38E-4693-8CAC-EC71C53D720C}.Debug|Any CPU.ActiveCfg = Debug|Any CPU
		{24D89AE1-A38E-4693-8CAC-EC71C53D720C}.Debug|Any CPU.Build.0 = Debug|Any CPU
		{24D89AE1-A38E-4693-8CAC-EC71C53D720C}.Release|Any CPU.ActiveCfg = Release|Any CPU
		{24D89AE1-A38E-4693-8CAC-EC71C53D720C}.Release|Any CPU.Build.0 = Release|Any CPU
		{AC6AE696-2565-4B75-86F2-87A2D8B01A6B}.Debug|Any CPU.ActiveCfg = Debug|Any CPU
		{AC6AE696-2565-4B75-86F2-87A2D8B01A6B}.Debug|Any CPU.Build.0 = Debug|Any CPU
		{AC6AE696-2565-4B75-86F2-87A2D8B01A6B}.Release|Any CPU.ActiveCfg = Release|Any CPU
		{AC6AE696-2565-4B75-86F2-87A2D8B01A6B}.Release|Any CPU.Build.0 = Release|Any CPU
		{DE4F019F-E311-4A45-B74E-1C148B4F03FA}.Debug|Any CPU.ActiveCfg = Debug|Any CPU
		{DE4F019F-E311-4A45-B74E-1C148B4F03FA}.Debug|Any CPU.Build.0 = Debug|Any CPU
		{DE4F019F-E311-4A45-B74E-1C148B4F03FA}.Release|Any CPU.ActiveCfg = Release|Any CPU
		{DE4F019F-E311-4A45-B74E-1C148B4F03FA}.Release|Any CPU.Build.0 = Release|Any CPU
	EndGlobalSection
EndGlobal
